{
  "name": "client",
  "version": "0.0.0",
  "lockfileVersion": 1,
  "requires": true,
  "dependencies": {
    "array-filter": {
      "version": "0.0.1",
      "resolved": "https://registry.npmjs.org/array-filter/-/array-filter-0.0.1.tgz",
      "integrity": "sha1-fajPLiZijtcygDWB/SH2fKzS7uw=",
      "dev": true
    },
    "array-map": {
      "version": "0.0.0",
      "resolved": "https://registry.npmjs.org/array-map/-/array-map-0.0.0.tgz",
      "integrity": "sha1-iKK6tz0c97zVwbEYoAP2b2ZfpmI=",
      "dev": true
    },
    "array-reduce": {
      "version": "0.0.0",
      "resolved": "https://registry.npmjs.org/array-reduce/-/array-reduce-0.0.0.tgz",
      "integrity": "sha1-FziZ0//Rx9k4PkR5Ul2+J4yrXys=",
      "dev": true
    },
    "commander": {
      "version": "2.19.0",
      "resolved": "https://registry.npmjs.org/commander/-/commander-2.19.0.tgz",
      "integrity": "sha512-6tvAOO+D6OENvRAh524Dh9jcfKTYDQAqvqezbCW82xj5X0pSrcpxtvRKHLG0yBY6SD7PSDrJaj+0AiOcKVd1Xg==",
      "dev": true
    },
    "insomnia-importers": {
      "version": "1.5.6",
      "resolved": "https://registry.npmjs.org/insomnia-importers/-/insomnia-importers-1.5.6.tgz",
      "integrity": "sha512-VmHDYH+ZTqkYA6vRY6gox2jVavuVaQkFBxCSNP9UhrFtHf777DI5hLxcmWRnfRMC74C7MqrGI4ipGQUqxWjUVw==",
      "dev": true,
      "requires": {
        "commander": "^2.9.0",
        "shell-quote": "^1.6.1"
      }
    },
    "jsonify": {
      "version": "0.0.0",
      "resolved": "https://registry.npmjs.org/jsonify/-/jsonify-0.0.0.tgz",
      "integrity": "sha1-LHS27kHZPKUbe1qu6PUDYx0lKnM=",
      "dev": true
    },
    "lodash.isundefined": {
      "version": "3.0.1",
      "resolved": "https://registry.npmjs.org/lodash.isundefined/-/lodash.isundefined-3.0.1.tgz",
      "integrity": "sha1-I+89lTVWUgOmbO/VuDD4SJEa+0g="
    },
    "restdocs-to-postman": {
      "version": "2.0.3",
      "resolved": "https://registry.npmjs.org/restdocs-to-postman/-/restdocs-to-postman-2.0.3.tgz",
      "integrity": "sha512-nFxx5BAUuHrpa6gojCrVgPzhESS5c1I4qd4WIcomNBqCKC37KJkB6J+l6hosfrmqAvsiIzzsaGay4gu8rfQA+Q==",
      "dev": true,
      "requires": {
        "commander": "^2.19.0",
        "insomnia-importers": "^1.5.6"
      }
    },
    "shell-quote": {
      "version": "1.6.1",
      "resolved": "https://registry.npmjs.org/shell-quote/-/shell-quote-1.6.1.tgz",
      "integrity": "sha1-9HgZSczkAmlxJ0MOo7PFR29IF2c=",
      "dev": true,
      "requires": {
        "array-filter": "~0.0.0",
        "array-map": "~0.0.0",
        "array-reduce": "~0.0.0",
        "jsonify": "~0.0.0"
      }
    },
    "unsupported": {
      "version": "1.1.0",
      "resolved": "https://registry.npmjs.org/unsupported/-/unsupported-1.1.0.tgz",
      "integrity": "sha1-xYeJryig4/tFzLJzSjCt0Umn9Nw=",
      "requires": {
        "lodash.isundefined": "^3.0.1"
      }
    }
  }
}
